
Microsoft Visual Studio Solution File, Format Version 12.00
# Visual Studio 15
VisualStudioVersion = 15.0.28307.168
MinimumVisualStudioVersion = 10.0.40219.1
Project("{FAE04EC0-301F-11D3-BF4B-00C04F79EFBC}") = "HootelRoomMVC", "HootelRoomMVC\HootelRoomMVC.csproj", "{F4BD6254-F0EA-41AF-A00F-88016C632A5A}"
EndProject
Project("{FAE04EC0-301F-11D3-BF4B-00C04F79EFBC}") = "DataAccess", "DataAccess\DataAccess.csproj", "{061921BE-3F0B-424A-AFE2-AE5D5A4918C5}"
EndProject
Project("{FAE04EC0-301F-11D3-BF4B-00C04F79EFBC}") = "Domain", "Domain\Domain.csproj", "{978341F7-58E0-4EAA-892C-A1C5372C562B}"
EndProject
Project("{FAE04EC0-301F-11D3-BF4B-00C04F79EFBC}") = "Common", "Common\Common.csproj", "{9B91C303-FAF8-4470-AA5A-813091C20DA4}"
EndProject
Global
	GlobalSection(SolutionConfigurationPlatforms) = preSolution
		Debug|Any CPU = Debug|Any CPU
		Release|Any CPU = Release|Any CPU
	EndGlobalSection
	GlobalSection(ProjectConfigurationPlatforms) = postSolution
		{F4BD6254-F0EA-41AF-A00F-88016C632A5A}.Debug|Any CPU.ActiveCfg = Debug|Any CPU
		{F4BD6254-F0EA-41AF-A00F-88016C632A5A}.Debug|Any CPU.Build.0 = Debug|Any CPU
		{F4BD6254-F0EA-41AF-A00F-88016C632A5A}.Release|Any CPU.ActiveCfg = Release|Any CPU
		{F4BD6254-F0EA-41AF-A00F-88016C632A5A}.Release|Any CPU.Build.0 = Release|Any CPU
		{061921BE-3F0B-424A-AFE2-AE5D5A4918C5}.Debug|Any CPU.ActiveCfg = Debug|Any CPU
		{061921BE-3F0B-424A-AFE2-AE5D5A4918C5}.Debug|Any CPU.Build.0 = Debug|Any CPU
		{061921BE-3F0B-424A-AFE2-AE5D5A4918C5}.Release|Any CPU.ActiveCfg = Release|Any CPU
		{061921BE-3F0B-424A-AFE2-AE5D5A4918C5}.Release|Any CPU.Build.0 = Release|Any CPU
		{978341F7-58E0-4EAA-892C-A1C5372C562B}.Debug|Any CPU.ActiveCfg = Debug|Any CPU
		{978341F7-58E0-4EAA-892C-A1C5372C562B}.Debug|Any CPU.Build.0 = Debug|Any CPU
		{978341F7-58E0-4EAA-892C-A1C5372C562B}.Release|Any CPU.ActiveCfg = Release|Any CPU
		{978341F7-58E0-4EAA-892C-A1C5372C562B}.Release|Any CPU.Build.0 = Release|Any CPU
		{9B91C303-FAF8-4470-AA5A-813091C20DA4}.Debug|Any CPU.ActiveCfg = Debug|Any CPU
		{9B91C303-FAF8-4470-AA5A-813091C20DA4}.Debug|Any CPU.Build.0 = Debug|Any CPU
		{9B91C303-FAF8-4470-AA5A-813091C20DA4}.Release|Any CPU.ActiveCfg = Release|Any CPU
		{9B91C303-FAF8-4470-AA5A-813091C20DA4}.Release|Any CPU.Build.0 = Release|Any CPU
	EndGlobalSection
	GlobalSection(SolutionProperties) = preSolution
		HideSolutionNode = FALSE
	EndGlobalSection
	GlobalSection(ExtensibilityGlobals) = postSolution
		SolutionGuid = {D8794910-9206-4EB6-BE2E-C598E026149B}
	EndGlobalSection
EndGlobal
